
Microsoft Visual Studio Solution File, Format Version 12.00
# Visual Studio Version 16
VisualStudioVersion = 16.0.31205.134
MinimumVisualStudioVersion = 10.0.40219.1
Project("{FAE04EC0-301F-11D3-BF4B-00C04F79EFBC}") = "Cash Register", "Cash Register\Cash Register.csproj", "{AFBD1909-2816-4CAA-BF18-D37F78712F81}"
EndProject
Global
	GlobalSection(SolutionConfigurationPlatforms) = preSolution
		Debug|Any CPU = Debug|Any CPU
		Release|Any CPU = Release|Any CPU
	EndGlobalSection
	GlobalSection(ProjectConfigurationPlatforms) = postSolution
		{AFBD1909-2816-4CAA-BF18-D37F78712F81}.Debug|Any CPU.ActiveCfg = Debug|Any CPU
		{AFBD1909-2816-4CAA-BF18-D37F78712F81}.Debug|Any CPU.Build.0 = Debug|Any CPU
		{AFBD1909-2816-4CAA-BF18-D37F78712F81}.Release|Any CPU.ActiveCfg = Release|Any CPU
		{AFBD1909-2816-4CAA-BF18-D37F78712F81}.Release|Any CPU.Build.0 = Release|Any CPU
	EndGlobalSection
	GlobalSection(SolutionProperties) = preSolution
		HideSolutionNode = FALSE
	EndGlobalSection
	GlobalSection(ExtensibilityGlobals) = postSolution
		SolutionGuid = {78617008-21C9-4998-A0B6-91B6B0AFED39}
	EndGlobalSection
EndGlobal
